
Microsoft Visual Studio Solution File, Format Version 12.00
# Visual Studio Version 17
VisualStudioVersion = 17.5.002.0
MinimumVisualStudioVersion = 10.0.40219.1
Project("{9A19103F-16F7-4668-BE54-9A1E7A4F7556}") = "Restaurante", "Restaurante.csproj", "{1DA92D30-E4A1-4AA4-9CA0-C72FF3C2CAC9}"
EndProject
Global
	GlobalSection(SolutionConfigurationPlatforms) = preSolution
		Debug|Any CPU = Debug|Any CPU
		Release|Any CPU = Release|Any CPU
	EndGlobalSection
	GlobalSection(ProjectConfigurationPlatforms) = postSolution
		{1DA92D30-E4A1-4AA4-9CA0-C72FF3C2CAC9}.Debug|Any CPU.ActiveCfg = Debug|Any CPU
		{1DA92D30-E4A1-4AA4-9CA0-C72FF3C2CAC9}.Debug|Any CPU.Build.0 = Debug|Any CPU
		{1DA92D30-E4A1-4AA4-9CA0-C72FF3C2CAC9}.Release|Any CPU.ActiveCfg = Release|Any CPU
		{1DA92D30-E4A1-4AA4-9CA0-C72FF3C2CAC9}.Release|Any CPU.Build.0 = Release|Any CPU
	EndGlobalSection
	GlobalSection(SolutionProperties) = preSolution
		HideSolutionNode = FALSE
	EndGlobalSection
	GlobalSection(ExtensibilityGlobals) = postSolution
		SolutionGuid = {F8B52B34-5B12-43B1-9FB4-4D15CBEC21BF}
	EndGlobalSection
EndGlobal
